
Microsoft Visual Studio Solution File, Format Version 12.00
# Visual Studio 15
VisualStudioVersion = 15.0.28307.168
MinimumVisualStudioVersion = 10.0.40219.1
Project("{9A19103F-16F7-4668-BE54-9A1E7A4F7556}") = "MetalSoft.Core.DataTransferObjects", "DataTransferObjects\MetalSoft.Core.DataTransferObjects.csproj", "{E6B5F62E-0921-4F7E-8194-73DD2FBC83C2}"
EndProject
Project("{9A19103F-16F7-4668-BE54-9A1E7A4F7556}") = "MetalSoft.Core.Model", "Model\MetalSoft.Core.Model.csproj", "{319DB4F7-BAD4-4FC9-84E3-B7A70DFBF294}"
EndProject
Project("{9A19103F-16F7-4668-BE54-9A1E7A4F7556}") = "MetalSoft.Core.Persistence", "Persistence\MetalSoft.Core.Persistence.csproj", "{D6695F68-C69B-418A-95A9-076D4DF0B931}"
EndProject
Project("{9A19103F-16F7-4668-BE54-9A1E7A4F7556}") = "MetalSoft.Core.Persistence.EFPersistence", "Persistence\EFPersistence\MetalSoft.Core.Persistence.EFPersistence.csproj", "{56AD8FA5-EE7E-4068-93C2-E318832644FB}"
EndProject
Project("{9A19103F-16F7-4668-BE54-9A1E7A4F7556}") = "MetalSoft.Core.Persistence.EFPersistence.Tests", "Persistence\EFPersistence\Tests\MetalSoft.Core.Persistence.EFPersistence.Tests.csproj", "{8A6CED0B-75A0-42F6-B426-C764C152EDF5}"
EndProject
Project("{9A19103F-16F7-4668-BE54-9A1E7A4F7556}") = "MetalSoft.Core.Model.Tests", "Model\Tests\MetalSoft.Core.Model.Tests.csproj", "{F4B0459D-DAD7-439F-95B4-DB04711A7409}"
EndProject
Project("{9A19103F-16F7-4668-BE54-9A1E7A4F7556}") = "MetalSoft.Core.WebAPI", "WebAPI\MetalSoft.Core.WebAPI.csproj", "{ACC7BEBB-2531-42EA-AFDC-471625DD379A}"
EndProject
Project("{9A19103F-16F7-4668-BE54-9A1E7A4F7556}") = "MetalSoft.Core.WebAPI.Tests", "WebAPI\Tests\MetalSoft.Core.WebAPI.Tests.csproj", "{18A3BD8B-AFB2-4FAF-A02E-48AEE1FB9BC5}"
EndProject
Global
	GlobalSection(SolutionConfigurationPlatforms) = preSolution
		Debug|Any CPU = Debug|Any CPU
		Release|Any CPU = Release|Any CPU
	EndGlobalSection
	GlobalSection(ProjectConfigurationPlatforms) = postSolution
		{E6B5F62E-0921-4F7E-8194-73DD2FBC83C2}.Debug|Any CPU.ActiveCfg = Debug|Any CPU
		{E6B5F62E-0921-4F7E-8194-73DD2FBC83C2}.Debug|Any CPU.Build.0 = Debug|Any CPU
		{E6B5F62E-0921-4F7E-8194-73DD2FBC83C2}.Release|Any CPU.ActiveCfg = Release|Any CPU
		{E6B5F62E-0921-4F7E-8194-73DD2FBC83C2}.Release|Any CPU.Build.0 = Release|Any CPU
		{319DB4F7-BAD4-4FC9-84E3-B7A70DFBF294}.Debug|Any CPU.ActiveCfg = Debug|Any CPU
		{319DB4F7-BAD4-4FC9-84E3-B7A70DFBF294}.Debug|Any CPU.Build.0 = Debug|Any CPU
		{319DB4F7-BAD4-4FC9-84E3-B7A70DFBF294}.Release|Any CPU.ActiveCfg = Release|Any CPU
		{319DB4F7-BAD4-4FC9-84E3-B7A70DFBF294}.Release|Any CPU.Build.0 = Release|Any CPU
		{D6695F68-C69B-418A-95A9-076D4DF0B931}.Debug|Any CPU.ActiveCfg = Debug|Any CPU
		{D6695F68-C69B-418A-95A9-076D4DF0B931}.Debug|Any CPU.Build.0 = Debug|Any CPU
		{D6695F68-C69B-418A-95A9-076D4DF0B931}.Release|Any CPU.ActiveCfg = Release|Any CPU
		{D6695F68-C69B-418A-95A9-076D4DF0B931}.Release|Any CPU.Build.0 = Release|Any CPU
		{56AD8FA5-EE7E-4068-93C2-E318832644FB}.Debug|Any CPU.ActiveCfg = Debug|Any CPU
		{56AD8FA5-EE7E-4068-93C2-E318832644FB}.Debug|Any CPU.Build.0 = Debug|Any CPU
		{56AD8FA5-EE7E-4068-93C2-E318832644FB}.Release|Any CPU.ActiveCfg = Release|Any CPU
		{56AD8FA5-EE7E-4068-93C2-E318832644FB}.Release|Any CPU.Build.0 = Release|Any CPU
		{8A6CED0B-75A0-42F6-B426-C764C152EDF5}.Debug|Any CPU.ActiveCfg = Debug|Any CPU
		{8A6CED0B-75A0-42F6-B426-C764C152EDF5}.Debug|Any CPU.Build.0 = Debug|Any CPU
		{8A6CED0B-75A0-42F6-B426-C764C152EDF5}.Release|Any CPU.ActiveCfg = Release|Any CPU
		{8A6CED0B-75A0-42F6-B426-C764C152EDF5}.Release|Any CPU.Build.0 = Release|Any CPU
		{F4B0459D-DAD7-439F-95B4-DB04711A7409}.Debug|Any CPU.ActiveCfg = Debug|Any CPU
		{F4B0459D-DAD7-439F-95B4-DB04711A7409}.Debug|Any CPU.Build.0 = Debug|Any CPU
		{F4B0459D-DAD7-439F-95B4-DB04711A7409}.Release|Any CPU.ActiveCfg = Release|Any CPU
		{F4B0459D-DAD7-439F-95B4-DB04711A7409}.Release|Any CPU.Build.0 = Release|Any CPU
		{ACC7BEBB-2531-42EA-AFDC-471625DD379A}.Debug|Any CPU.ActiveCfg = Debug|Any CPU
		{ACC7BEBB-2531-42EA-AFDC-471625DD379A}.Debug|Any CPU.Build.0 = Debug|Any CPU
		{ACC7BEBB-2531-42EA-AFDC-471625DD379A}.Release|Any CPU.ActiveCfg = Release|Any CPU
		{ACC7BEBB-2531-42EA-AFDC-471625DD379A}.Release|Any CPU.Build.0 = Release|Any CPU
		{18A3BD8B-AFB2-4FAF-A02E-48AEE1FB9BC5}.Debug|Any CPU.ActiveCfg = Debug|Any CPU
		{18A3BD8B-AFB2-4FAF-A02E-48AEE1FB9BC5}.Debug|Any CPU.Build.0 = Debug|Any CPU
		{18A3BD8B-AFB2-4FAF-A02E-48AEE1FB9BC5}.Release|Any CPU.ActiveCfg = Release|Any CPU
		{18A3BD8B-AFB2-4FAF-A02E-48AEE1FB9BC5}.Release|Any CPU.Build.0 = Release|Any CPU
	EndGlobalSection
	GlobalSection(SolutionProperties) = preSolution
		HideSolutionNode = FALSE
	EndGlobalSection
	GlobalSection(ExtensibilityGlobals) = postSolution
		SolutionGuid = {5063DDF5-82DF-4720-B12A-977691419732}
	EndGlobalSection
EndGlobal
